// !$*UTF8*$!
{
	archiveVersion = 1;
	classes = {
	};
	objectVersion = 50;
	objects = {

/* Begin PBXBuildFile section */
		AC6FF49E40239BF6006430FF /* Pods_PatchFramework.framework in Frameworks */ = {isa = PBXBuildFile; fileRef = 0E733C62B7845527FDF8CDD3 /* Pods_PatchFramework.framework */; };
		D93899A32111BF74003C7B43 /* PatchFramework.framework in Frameworks */ = {isa = PBXBuildFile; fileRef = D93899992111BF74003C7B43 /* PatchFramework.framework */; };
		D93899AA2111BF74003C7B43 /* PatchFramework.h in Headers */ = {isa = PBXBuildFile; fileRef = D938999C2111BF74003C7B43 /* PatchFramework.h */; settings = {ATTRIBUTES = (Public, ); }; };
		D93899B62111CA96003C7B43 /* test.swift in Sources */ = {isa = PBXBuildFile; fileRef = D93899B52111CA96003C7B43 /* test.swift */; };
		D95C296521197B1300C652C1 /* PJSUAWrapper.m in Sources */ = {isa = PBXBuildFile; fileRef = D95C296421197B1300C652C1 /* PJSUAWrapper.m */; };
		D95C296821197B3600C652C1 /* CallKit.framework in Frameworks */ = {isa = PBXBuildFile; fileRef = D95C296721197B3600C652C1 /* CallKit.framework */; };
		D95C296A21197B3E00C652C1 /* PushKit.framework in Frameworks */ = {isa = PBXBuildFile; fileRef = D95C296921197B3E00C652C1 /* PushKit.framework */; };
		D95C296D21197FE400C652C1 /* CallManager.swift in Sources */ = {isa = PBXBuildFile; fileRef = D95C296C21197FE400C652C1 /* CallManager.swift */; };
/* End PBXBuildFile section */

/* Begin PBXContainerItemProxy section */
		D93899A42111BF74003C7B43 /* PBXContainerItemProxy */ = {
			isa = PBXContainerItemProxy;
			containerPortal = D93899902111BF74003C7B43 /* Project object */;
			proxyType = 1;
			remoteGlobalIDString = D93899982111BF74003C7B43;
			remoteInfo = PatchFramework;
		};
/* End PBXContainerItemProxy section */

/* Begin PBXFileReference section */
		0E733C62B7845527FDF8CDD3 /* Pods_PatchFramework.framework */ = {isa = PBXFileReference; explicitFileType = wrapper.framework; includeInIndex = 0; path = Pods_PatchFramework.framework; sourceTree = BUILT_PRODUCTS_DIR; };
		229A8B0BDE1A8A5314DC84BF /* Pods-PatchFramework.debug.xcconfig */ = {isa = PBXFileReference; includeInIndex = 1; lastKnownFileType = text.xcconfig; name = "Pods-PatchFramework.debug.xcconfig"; path = "Pods/Target Support Files/Pods-PatchFramework/Pods-PatchFramework.debug.xcconfig"; sourceTree = "<group>"; };
		C1B5B3B67057BDAFD324B52E /* Pods-PatchFramework.release.xcconfig */ = {isa = PBXFileReference; includeInIndex = 1; lastKnownFileType = text.xcconfig; name = "Pods-PatchFramework.release.xcconfig"; path = "Pods/Target Support Files/Pods-PatchFramework/Pods-PatchFramework.release.xcconfig"; sourceTree = "<group>"; };
		D93899992111BF74003C7B43 /* PatchFramework.framework */ = {isa = PBXFileReference; explicitFileType = wrapper.framework; includeInIndex = 0; path = PatchFramework.framework; sourceTree = BUILT_PRODUCTS_DIR; };
		D938999C2111BF74003C7B43 /* PatchFramework.h */ = {isa = PBXFileReference; lastKnownFileType = sourcecode.c.h; path = PatchFramework.h; sourceTree = "<group>"; };
		D938999D2111BF74003C7B43 /* Info.plist */ = {isa = PBXFileReference; lastKnownFileType = text.plist.xml; path = Info.plist; sourceTree = "<group>"; };
		D93899A22111BF74003C7B43 /* PatchFrameworkTests.xctest */ = {isa = PBXFileReference; explicitFileType = wrapper.cfbundle; includeInIndex = 0; path = PatchFrameworkTests.xctest; sourceTree = BUILT_PRODUCTS_DIR; };
		D93899B52111CA96003C7B43 /* test.swift */ = {isa = PBXFileReference; lastKnownFileType = sourcecode.swift; path = test.swift; sourceTree = "<group>"; };
		D95C296321197AF800C652C1 /* PJSUAWrapper.h */ = {isa = PBXFileReference; lastKnownFileType = sourcecode.c.h; path = PJSUAWrapper.h; sourceTree = "<group>"; };
		D95C296421197B1300C652C1 /* PJSUAWrapper.m */ = {isa = PBXFileReference; lastKnownFileType = sourcecode.c.objc; path = PJSUAWrapper.m; sourceTree = "<group>"; };
		D95C296721197B3600C652C1 /* CallKit.framework */ = {isa = PBXFileReference; lastKnownFileType = wrapper.framework; name = CallKit.framework; path = System/Library/Frameworks/CallKit.framework; sourceTree = SDKROOT; };
		D95C296921197B3E00C652C1 /* PushKit.framework */ = {isa = PBXFileReference; lastKnownFileType = wrapper.framework; name = PushKit.framework; path = System/Library/Frameworks/PushKit.framework; sourceTree = SDKROOT; };
		D95C296B21197B9300C652C1 /* CallCFunction.h */ = {isa = PBXFileReference; lastKnownFileType = sourcecode.c.h; path = CallCFunction.h; sourceTree = "<group>"; };
		D95C296C21197FE400C652C1 /* CallManager.swift */ = {isa = PBXFileReference; lastKnownFileType = sourcecode.swift; path = CallManager.swift; sourceTree = "<group>"; };
/* End PBXFileReference section */

/* Begin PBXFrameworksBuildPhase section */
		D93899952111BF74003C7B43 /* Frameworks */ = {
			isa = PBXFrameworksBuildPhase;
			buildActionMask = 2147483647;
			files = (
				D95C296A21197B3E00C652C1 /* PushKit.framework in Frameworks */,
				D95C296821197B3600C652C1 /* CallKit.framework in Frameworks */,
				AC6FF49E40239BF6006430FF /* Pods_PatchFramework.framework in Frameworks */,
			);
			runOnlyForDeploymentPostprocessing = 0;
		};
		D938999F2111BF74003C7B43 /* Frameworks */ = {
			isa = PBXFrameworksBuildPhase;
			buildActionMask = 2147483647;
			files = (
				D93899A32111BF74003C7B43 /* PatchFramework.framework in Frameworks */,
			);
			runOnlyForDeploymentPostprocessing = 0;
		};
/* End PBXFrameworksBuildPhase section */

/* Begin PBXGroup section */
		70F46D9CC37CEA94C37812CB /* Pods */ = {
			isa = PBXGroup;
			children = (
				229A8B0BDE1A8A5314DC84BF /* Pods-PatchFramework.debug.xcconfig */,
				C1B5B3B67057BDAFD324B52E /* Pods-PatchFramework.release.xcconfig */,
			);
			name = Pods;
			sourceTree = "<group>";
		};
		D938998F2111BF74003C7B43 = {
			isa = PBXGroup;
			children = (
				D938999B2111BF74003C7B43 /* PatchFramework */,
				D938999A2111BF74003C7B43 /* Products */,
				D95C296621197B3500C652C1 /* Frameworks */,
				70F46D9CC37CEA94C37812CB /* Pods */,
			);
			sourceTree = "<group>";
		};
		D938999A2111BF74003C7B43 /* Products */ = {
			isa = PBXGroup;
			children = (
				D93899992111BF74003C7B43 /* PatchFramework.framework */,
				D93899A22111BF74003C7B43 /* PatchFrameworkTests.xctest */,
			);
			name = Products;
			sourceTree = "<group>";
		};
		D938999B2111BF74003C7B43 /* PatchFramework */ = {
			isa = PBXGroup;
			children = (
				D938999C2111BF74003C7B43 /* PatchFramework.h */,
				D938999D2111BF74003C7B43 /* Info.plist */,
				D93899B52111CA96003C7B43 /* test.swift */,
				D95C296321197AF800C652C1 /* PJSUAWrapper.h */,
				D95C296421197B1300C652C1 /* PJSUAWrapper.m */,
				D95C296B21197B9300C652C1 /* CallCFunction.h */,
				D95C296C21197FE400C652C1 /* CallManager.swift */,
			);
			path = PatchFramework;
			sourceTree = "<group>";
		};
		D95C296621197B3500C652C1 /* Frameworks */ = {
			isa = PBXGroup;
			children = (
				D95C296921197B3E00C652C1 /* PushKit.framework */,
				D95C296721197B3600C652C1 /* CallKit.framework */,
				0E733C62B7845527FDF8CDD3 /* Pods_PatchFramework.framework */,
			);
			name = Frameworks;
			sourceTree = "<group>";
		};
/* End PBXGroup section */

/* Begin PBXHeadersBuildPhase section */
		D93899962111BF74003C7B43 /* Headers */ = {
			isa = PBXHeadersBuildPhase;
			buildActionMask = 2147483647;
			files = (
				D93899AA2111BF74003C7B43 /* PatchFramework.h in Headers */,
			);
			runOnlyForDeploymentPostprocessing = 0;
		};
/* End PBXHeadersBuildPhase section */

/* Begin PBXNativeTarget section */
		D93899982111BF74003C7B43 /* PatchFramework */ = {
			isa = PBXNativeTarget;
			buildConfigurationList = D93899AD2111BF74003C7B43 /* Build configuration list for PBXNativeTarget "PatchFramework" */;
			buildPhases = (
				77A43E565BDB8FA03A2A9853 /* [CP] Check Pods Manifest.lock */,
				D93899942111BF74003C7B43 /* Sources */,
				D93899952111BF74003C7B43 /* Frameworks */,
				D93899962111BF74003C7B43 /* Headers */,
				D93899972111BF74003C7B43 /* Resources */,
			);
			buildRules = (
			);
			dependencies = (
			);
			name = PatchFramework;
			productName = PatchFramework;
			productReference = D93899992111BF74003C7B43 /* PatchFramework.framework */;
			productType = "com.apple.product-type.framework";
		};
		D93899A12111BF74003C7B43 /* PatchFrameworkTests */ = {
			isa = PBXNativeTarget;
			buildConfigurationList = D93899B02111BF74003C7B43 /* Build configuration list for PBXNativeTarget "PatchFrameworkTests" */;
			buildPhases = (
				D938999E2111BF74003C7B43 /* Sources */,
				D938999F2111BF74003C7B43 /* Frameworks */,
				D93899A02111BF74003C7B43 /* Resources */,
			);
			buildRules = (
			);
			dependencies = (
				D93899A52111BF74003C7B43 /* PBXTargetDependency */,
			);
			name = PatchFrameworkTests;
			productName = PatchFrameworkTests;
			productReference = D93899A22111BF74003C7B43 /* PatchFrameworkTests.xctest */;
			productType = "com.apple.product-type.bundle.unit-test";
		};
/* End PBXNativeTarget section */

/* Begin PBXProject section */
		D93899902111BF74003C7B43 /* Project object */ = {
			isa = PBXProject;
			attributes = {
				LastSwiftUpdateCheck = 0940;
				LastUpgradeCheck = 0940;
				ORGANIZATIONNAME = "Sanyam Jain";
				TargetAttributes = {
					D93899982111BF74003C7B43 = {
						CreatedOnToolsVersion = 9.4.1;
						LastSwiftMigration = 0940;
					};
					D93899A12111BF74003C7B43 = {
						CreatedOnToolsVersion = 9.4.1;
					};
				};
			};
			buildConfigurationList = D93899932111BF74003C7B43 /* Build configuration list for PBXProject "PatchFramework" */;
			compatibilityVersion = "Xcode 9.3";
			developmentRegion = en;
			hasScannedForEncodings = 0;
			knownRegions = (
				en,
			);
			mainGroup = D938998F2111BF74003C7B43;
			productRefGroup = D938999A2111BF74003C7B43 /* Products */;
			projectDirPath = "";
			projectRoot = "";
			targets = (
				D93899982111BF74003C7B43 /* PatchFramework */,
				D93899A12111BF74003C7B43 /* PatchFrameworkTests */,
			);
		};
/* End PBXProject section */

/* Begin PBXResourcesBuildPhase section */
		D93899972111BF74003C7B43 /* Resources */ = {
			isa = PBXResourcesBuildPhase;
			buildActionMask = 2147483647;
			files = (
			);
			runOnlyForDeploymentPostprocessing = 0;
		};
		D93899A02111BF74003C7B43 /* Resources */ = {
			isa = PBXResourcesBuildPhase;
			buildActionMask = 2147483647;
			files = (
			);
			runOnlyForDeploymentPostprocessing = 0;
		};
/* End PBXResourcesBuildPhase section */

/* Begin PBXShellScriptBuildPhase section */
		77A43E565BDB8FA03A2A9853 /* [CP] Check Pods Manifest.lock */ = {
			isa = PBXShellScriptBuildPhase;
			buildActionMask = 2147483647;
			files = (
			);
			inputPaths = (
				"${PODS_PODFILE_DIR_PATH}/Podfile.lock",
				"${PODS_ROOT}/Manifest.lock",
			);
			name = "[CP] Check Pods Manifest.lock";
			outputPaths = (
				"$(DERIVED_FILE_DIR)/Pods-PatchFramework-checkManifestLockResult.txt",
			);
			runOnlyForDeploymentPostprocessing = 0;
			shellPath = /bin/sh;
			shellScript = "diff \"${PODS_PODFILE_DIR_PATH}/Podfile.lock\" \"${PODS_ROOT}/Manifest.lock\" > /dev/null\nif [ $? != 0 ] ; then\n    # print error to STDERR\n    echo \"error: The sandbox is not in sync with the Podfile.lock. Run 'pod install' or update your CocoaPods installation.\" >&2\n    exit 1\nfi\n# This output is used by Xcode 'outputs' to avoid re-running this script phase.\necho \"SUCCESS\" > \"${SCRIPT_OUTPUT_FILE_0}\"\n";
			showEnvVarsInLog = 0;
		};
/* End PBXShellScriptBuildPhase section */

/* Begin PBXSourcesBuildPhase section */
		D93899942111BF74003C7B43 /* Sources */ = {
			isa = PBXSourcesBuildPhase;
			buildActionMask = 2147483647;
			files = (
				D95C296D21197FE400C652C1 /* CallManager.swift in Sources */,
				D93899B62111CA96003C7B43 /* test.swift in Sources */,
				D95C296521197B1300C652C1 /* PJSUAWrapper.m in Sources */,
			);
			runOnlyForDeploymentPostprocessing = 0;
		};
		D938999E2111BF74003C7B43 /* Sources */ = {
			isa = PBXSourcesBuildPhase;
			buildActionMask = 2147483647;
			files = (
			);
			runOnlyForDeploymentPostprocessing = 0;
		};
/* End PBXSourcesBuildPhase section */

/* Begin PBXTargetDependency section */
		D93899A52111BF74003C7B43 /* PBXTargetDependency */ = {
			isa = PBXTargetDependency;
			target = D93899982111BF74003C7B43 /* PatchFramework */;
			targetProxy = D93899A42111BF74003C7B43 /* PBXContainerItemProxy */;
		};
/* End PBXTargetDependency section */

/* Begin XCBuildConfiguration section */
		D93899AB2111BF74003C7B43 /* Debug */ = {
			isa = XCBuildConfiguration;
			buildSettings = {
				ALWAYS_SEARCH_USER_PATHS = NO;
				CLANG_ANALYZER_NONNULL = YES;
				CLANG_ANALYZER_NUMBER_OBJECT_CONVERSION = YES_AGGRESSIVE;
				CLANG_CXX_LANGUAGE_STANDARD = "gnu++14";
				CLANG_CXX_LIBRARY = "libc++";
				CLANG_ENABLE_MODULES = YES;
				CLANG_ENABLE_OBJC_ARC = YES;
				CLANG_ENABLE_OBJC_WEAK = YES;
				CLANG_WARN_BLOCK_CAPTURE_AUTORELEASING = YES;
				CLANG_WARN_BOOL_CONVERSION = YES;
				CLANG_WARN_COMMA = YES;
				CLANG_WARN_CONSTANT_CONVERSION = YES;
				CLANG_WARN_DEPRECATED_OBJC_IMPLEMENTATIONS = YES;
				CLANG_WARN_DIRECT_OBJC_ISA_USAGE = YES_ERROR;
				CLANG_WARN_DOCUMENTATION_COMMENTS = YES;
				CLANG_WARN_EMPTY_BODY = YES;
				CLANG_WARN_ENUM_CONVERSION = YES;
				CLANG_WARN_INFINITE_RECURSION = YES;
				CLANG_WARN_INT_CONVERSION = YES;
				CLANG_WARN_NON_LITERAL_NULL_CONVERSION = YES;
				CLANG_WARN_OBJC_IMPLICIT_RETAIN_SELF = YES;
				CLANG_WARN_OBJC_LITERAL_CONVERSION = YES;
				CLANG_WARN_OBJC_ROOT_CLASS = YES_ERROR;
				CLANG_WARN_RANGE_LOOP_ANALYSIS = YES;
				CLANG_WARN_STRICT_PROTOTYPES = YES;
				CLANG_WARN_SUSPICIOUS_MOVE = YES;
				CLANG_WARN_UNGUARDED_AVAILABILITY = YES_AGGRESSIVE;
				CLANG_WARN_UNREACHABLE_CODE = YES;
				CLANG_WARN__DUPLICATE_METHOD_MATCH = YES;
				CODE_SIGN_IDENTITY = "iPhone Developer";
				COPY_PHASE_STRIP = NO;
				CURRENT_PROJECT_VERSION = 1;
				DEBUG_INFORMATION_FORMAT = dwarf;
				ENABLE_STRICT_OBJC_MSGSEND = YES;
				ENABLE_TESTABILITY = YES;
				GCC_C_LANGUAGE_STANDARD = gnu11;
				GCC_DYNAMIC_NO_PIC = NO;
				GCC_NO_COMMON_BLOCKS = YES;
				GCC_OPTIMIZATION_LEVEL = 0;
				GCC_PREPROCESSOR_DEFINITIONS = (
					"DEBUG=1",
					"$(inherited)",
				);
				GCC_WARN_64_TO_32_BIT_CONVERSION = YES;
				GCC_WARN_ABOUT_RETURN_TYPE = YES_ERROR;
				GCC_WARN_UNDECLARED_SELECTOR = YES;
				GCC_WARN_UNINITIALIZED_AUTOS = YES_AGGRESSIVE;
				GCC_WARN_UNUSED_FUNCTION = YES;
				GCC_WARN_UNUSED_VARIABLE = YES;
				IPHONEOS_DEPLOYMENT_TARGET = 11.4;
				MTL_ENABLE_DEBUG_INFO = YES;
				ONLY_ACTIVE_ARCH = YES;
				SDKROOT = iphoneos;
				SWIFT_ACTIVE_COMPILATION_CONDITIONS = DEBUG;
				SWIFT_OPTIMIZATION_LEVEL = "-Onone";
				VERSIONING_SYSTEM = "apple-generic";
				VERSION_INFO_PREFIX = "";
			};
			name = Debug;
		};
		D93899AC2111BF74003C7B43 /* Release */ = {
			isa = XCBuildConfiguration;
			buildSettings = {
				ALWAYS_SEARCH_USER_PATHS = NO;
				CLANG_ANALYZER_NONNULL = YES;
				CLANG_ANALYZER_NUMBER_OBJECT_CONVERSION = YES_AGGRESSIVE;
				CLANG_CXX_LANGUAGE_STANDARD = "gnu++14";
				CLANG_CXX_LIBRARY = "libc++";
				CLANG_ENABLE_MODULES = YES;
				CLANG_ENABLE_OBJC_ARC = YES;
				CLANG_ENABLE_OBJC_WEAK = YES;
				CLANG_WARN_BLOCK_CAPTURE_AUTORELEASING = YES;
				CLANG_WARN_BOOL_CONVERSION = YES;
				CLANG_WARN_COMMA = YES;
				CLANG_WARN_CONSTANT_CONVERSION = YES;
				CLANG_WARN_DEPRECATED_OBJC_IMPLEMENTATIONS = YES;
				CLANG_WARN_DIRECT_OBJC_ISA_USAGE = YES_ERROR;
				CLANG_WARN_DOCUMENTATION_COMMENTS = YES;
				CLANG_WARN_EMPTY_BODY = YES;
				CLANG_WARN_ENUM_CONVERSION = YES;
				CLANG_WARN_INFINITE_RECURSION = YES;
				CLANG_WARN_INT_CONVERSION = YES;
				CLANG_WARN_NON_LITERAL_NULL_CONVERSION = YES;
				CLANG_WARN_OBJC_IMPLICIT_RETAIN_SELF = YES;
				CLANG_WARN_OBJC_LITERAL_CONVERSION = YES;
				CLANG_WARN_OBJC_ROOT_CLASS = YES_ERROR;
				CLANG_WARN_RANGE_LOOP_ANALYSIS = YES;
				CLANG_WARN_STRICT_PROTOTYPES = YES;
				CLANG_WARN_SUSPICIOUS_MOVE = YES;
				CLANG_WARN_UNGUARDED_AVAILABILITY = YES_AGGRESSIVE;
				CLANG_WARN_UNREACHABLE_CODE = YES;
				CLANG_WARN__DUPLICATE_METHOD_MATCH = YES;
				CODE_SIGN_IDENTITY = "iPhone Developer";
				COPY_PHASE_STRIP = NO;
				CURRENT_PROJECT_VERSION = 1;
				DEBUG_INFORMATION_FORMAT = "dwarf-with-dsym";
				ENABLE_NS_ASSERTIONS = NO;
				ENABLE_STRICT_OBJC_MSGSEND = YES;
				GCC_C_LANGUAGE_STANDARD = gnu11;
				GCC_NO_COMMON_BLOCKS = YES;
				GCC_WARN_64_TO_32_BIT_CONVERSION = YES;
				GCC_WARN_ABOUT_RETURN_TYPE = YES_ERROR;
				GCC_WARN_UNDECLARED_SELECTOR = YES;
				GCC_WARN_UNINITIALIZED_AUTOS = YES_AGGRESSIVE;
				GCC_WARN_UNUSED_FUNCTION = YES;
				GCC_WARN_UNUSED_VARIABLE = YES;
				IPHONEOS_DEPLOYMENT_TARGET = 11.4;
				MTL_ENABLE_DEBUG_INFO = NO;
				SDKROOT = iphoneos;
				SWIFT_COMPILATION_MODE = wholemodule;
				SWIFT_OPTIMIZATION_LEVEL = "-O";
				VALIDATE_PRODUCT = YES;
				VERSIONING_SYSTEM = "apple-generic";
				VERSION_INFO_PREFIX = "";
			};
			name = Release;
		};
		D93899AE2111BF74003C7B43 /* Debug */ = {
			isa = XCBuildConfiguration;
			baseConfigurationReference = 229A8B0BDE1A8A5314DC84BF /* Pods-PatchFramework.debug.xcconfig */;
			buildSettings = {
				CLANG_ENABLE_MODULES = YES;
				CODE_SIGN_IDENTITY = "";
				CODE_SIGN_STYLE = Automatic;
				DEFINES_MODULE = YES;
				DEVELOPMENT_TEAM = T9AV2926J9;
				DYLIB_COMPATIBILITY_VERSION = 1;
				DYLIB_CURRENT_VERSION = 1;
				DYLIB_INSTALL_NAME_BASE = "@rpath";
				ENABLE_BITCODE = NO;
				INFOPLIST_FILE = PatchFramework/Info.plist;
				INSTALL_PATH = "$(LOCAL_LIBRARY_DIR)/Frameworks";
				LD_RUNPATH_SEARCH_PATHS = (
					"$(inherited)",
					"@executable_path/Frameworks",
					"@loader_path/Frameworks",
				);
				PRODUCT_BUNDLE_IDENTIFIER = com.patch.PatchFramework;
				PRODUCT_NAME = "$(TARGET_NAME:c99extidentifier)";
				SKIP_INSTALL = YES;
				SWIFT_OPTIMIZATION_LEVEL = "-Onone";
				SWIFT_VERSION = 4.0;
				TARGETED_DEVICE_FAMILY = "1,2";
			};
			name = Debug;
		};
		D93899AF2111BF74003C7B43 /* Release */ = {
			isa = XCBuildConfiguration;
			baseConfigurationReference = C1B5B3B67057BDAFD324B52E /* Pods-PatchFramework.release.xcconfig */;
			buildSettings = {
				CLANG_ENABLE_MODULES = YES;
				CODE_SIGN_IDENTITY = "";
				CODE_SIGN_STYLE = Automatic;
				DEFINES_MODULE = YES;
				DEVELOPMENT_TEAM = T9AV2926J9;
				DYLIB_COMPATIBILITY_VERSION = 1;
				DYLIB_CURRENT_VERSION = 1;
				DYLIB_INSTALL_NAME_BASE = "@rpath";
				ENABLE_BITCODE = NO;
				INFOPLIST_FILE = PatchFramework/Info.plist;
				INSTALL_PATH = "$(LOCAL_LIBRARY_DIR)/Frameworks";
				LD_RUNPATH_SEARCH_PATHS = (
					"$(inherited)",
					"@executable_path/Frameworks",
					"@loader_path/Frameworks",
				);
				PRODUCT_BUNDLE_IDENTIFIER = com.patch.PatchFramework;
				PRODUCT_NAME = "$(TARGET_NAME:c99extidentifier)";
				SKIP_INSTALL = YES;
				SWIFT_VERSION = 4.0;
				TARGETED_DEVICE_FAMILY = "1,2";
			};
			name = Release;
		};
		D93899B12111BF74003C7B43 /* Debug */ = {
			isa = XCBuildConfiguration;
			buildSettings = {
				ALWAYS_EMBED_SWIFT_STANDARD_LIBRARIES = YES;
				CODE_SIGN_STYLE = Automatic;
				DEVELOPMENT_TEAM = T9AV2926J9;
				INFOPLIST_FILE = PatchFrameworkTests/Info.plist;
				LD_RUNPATH_SEARCH_PATHS = (
					"$(inherited)",
					"@executable_path/Frameworks",
					"@loader_path/Frameworks",
				);
				PRODUCT_BUNDLE_IDENTIFIER = com.patch.PatchFrameworkTests;
				PRODUCT_NAME = "$(TARGET_NAME)";
				SWIFT_VERSION = 4.0;
				TARGETED_DEVICE_FAMILY = "1,2";
			};
			name = Debug;
		};
		D93899B22111BF74003C7B43 /* Release */ = {
			isa = XCBuildConfiguration;
			buildSettings = {
				ALWAYS_EMBED_SWIFT_STANDARD_LIBRARIES = YES;
				CODE_SIGN_STYLE = Automatic;
				DEVELOPMENT_TEAM = T9AV2926J9;
				INFOPLIST_FILE = PatchFrameworkTests/Info.plist;
				LD_RUNPATH_SEARCH_PATHS = (
					"$(inherited)",
					"@executable_path/Frameworks",
					"@loader_path/Frameworks",
				);
				PRODUCT_BUNDLE_IDENTIFIER = com.patch.PatchFrameworkTests;
				PRODUCT_NAME = "$(TARGET_NAME)";
				SWIFT_VERSION = 4.0;
				TARGETED_DEVICE_FAMILY = "1,2";
			};
			name = Release;
		};
/* End XCBuildConfiguration section */

/* Begin XCConfigurationList section */
		D93899932111BF74003C7B43 /* Build configuration list for PBXProject "PatchFramework" */ = {
			isa = XCConfigurationList;
			buildConfigurations = (
				D93899AB2111BF74003C7B43 /* Debug */,
				D93899AC2111BF74003C7B43 /* Release */,
			);
			defaultConfigurationIsVisible = 0;
			defaultConfigurationName = Release;
		};
		D93899AD2111BF74003C7B43 /* Build configuration list for PBXNativeTarget "PatchFramework" */ = {
			isa = XCConfigurationList;
			buildConfigurations = (
				D93899AE2111BF74003C7B43 /* Debug */,
				D93899AF2111BF74003C7B43 /* Release */,
			);
			defaultConfigurationIsVisible = 0;
			defaultConfigurationName = Release;
		};
		D93899B02111BF74003C7B43 /* Build configuration list for PBXNativeTarget "PatchFrameworkTests" */ = {
			isa = XCConfigurationList;
			buildConfigurations = (
				D93899B12111BF74003C7B43 /* Debug */,
				D93899B22111BF74003C7B43 /* Release */,
			);
			defaultConfigurationIsVisible = 0;
			defaultConfigurationName = Release;
		};
/* End XCConfigurationList section */
	};
	rootObject = D93899902111BF74003C7B43 /* Project object */;
}
